
Microsoft Visual Studio Solution File, Format Version 12.00
# Visual Studio 15
VisualStudioVersion = 15.0.28307.168
MinimumVisualStudioVersion = 10.0.40219.1
Project("{FAE04EC0-301F-11D3-BF4B-00C04F79EFBC}") = "Project1", "Project1\Project1.csproj", "{1E3A4693-8DBC-4F76-92B6-B675740D5432}"
EndProject
Global
	GlobalSection(SolutionConfigurationPlatforms) = preSolution
		Debug|Any CPU = Debug|Any CPU
		Release|Any CPU = Release|Any CPU
	EndGlobalSection
	GlobalSection(ProjectConfigurationPlatforms) = postSolution
		{1E3A4693-8DBC-4F76-92B6-B675740D5432}.Debug|Any CPU.ActiveCfg = Debug|Any CPU
		{1E3A4693-8DBC-4F76-92B6-B675740D5432}.Debug|Any CPU.Build.0 = Debug|Any CPU
		{1E3A4693-8DBC-4F76-92B6-B675740D5432}.Release|Any CPU.ActiveCfg = Release|Any CPU
		{1E3A4693-8DBC-4F76-92B6-B675740D5432}.Release|Any CPU.Build.0 = Release|Any CPU
	EndGlobalSection
	GlobalSection(SolutionProperties) = preSolution
		HideSolutionNode = FALSE
	EndGlobalSection
	GlobalSection(ExtensibilityGlobals) = postSolution
		SolutionGuid = {0D6D7BB5-FE6D-4631-856B-B3B5242E13F4}
	EndGlobalSection
EndGlobal
